
Microsoft Visual Studio Solution File, Format Version 12.00
# Visual Studio Version 17
VisualStudioVersion = 17.2.32516.85
MinimumVisualStudioVersion = 10.0.40219.1
Project("{FAE04EC0-301F-11D3-BF4B-00C04F79EFBC}") = "Api_FailCluster", "Api_FailCluster\Api_FailCluster.csproj", "{99333618-52CE-40F3-890C-8CFFD39E0ED5}"
EndProject
Global
	GlobalSection(SolutionConfigurationPlatforms) = preSolution
		Debug|Any CPU = Debug|Any CPU
		Release|Any CPU = Release|Any CPU
	EndGlobalSection
	GlobalSection(ProjectConfigurationPlatforms) = postSolution
		{99333618-52CE-40F3-890C-8CFFD39E0ED5}.Debug|Any CPU.ActiveCfg = Debug|Any CPU
		{99333618-52CE-40F3-890C-8CFFD39E0ED5}.Debug|Any CPU.Build.0 = Debug|Any CPU
		{99333618-52CE-40F3-890C-8CFFD39E0ED5}.Release|Any CPU.ActiveCfg = Release|Any CPU
		{99333618-52CE-40F3-890C-8CFFD39E0ED5}.Release|Any CPU.Build.0 = Release|Any CPU
	EndGlobalSection
	GlobalSection(SolutionProperties) = preSolution
		HideSolutionNode = FALSE
	EndGlobalSection
	GlobalSection(ExtensibilityGlobals) = postSolution
		SolutionGuid = {0D60A926-7A9E-4D36-BB9C-F312696983D6}
	EndGlobalSection
EndGlobal
